// !$*UTF8*$!
{
	archiveVersion = 1;
	classes = {
	};
	objectVersion = 46;
	objects = {

/* Begin PBXBuildFile section */
		FAC2D50E1E9F8D7A00830305 /* AppDelegate.swift in Sources */ = {isa = PBXBuildFile; fileRef = FAC2D50D1E9F8D7A00830305 /* AppDelegate.swift */; };
		FAC2D5101E9F8D7A00830305 /* ViewController.swift in Sources */ = {isa = PBXBuildFile; fileRef = FAC2D50F1E9F8D7A00830305 /* ViewController.swift */; };
		FAC2D5131E9F8D7A00830305 /* Main.storyboard in Resources */ = {isa = PBXBuildFile; fileRef = FAC2D5111E9F8D7A00830305 /* Main.storyboard */; };
		FAC2D5151E9F8D7A00830305 /* Assets.xcassets in Resources */ = {isa = PBXBuildFile; fileRef = FAC2D5141E9F8D7A00830305 /* Assets.xcassets */; };
		FAC2D5181E9F8D7A00830305 /* LaunchScreen.storyboard in Resources */ = {isa = PBXBuildFile; fileRef = FAC2D5161E9F8D7A00830305 /* LaunchScreen.storyboard */; };
		FAC2D5201E9F99B700830305 /* ArticleCell.swift in Sources */ = {isa = PBXBuildFile; fileRef = FAC2D51F1E9F99B700830305 /* ArticleCell.swift */; };
		FAC2D5221E9FA51F00830305 /* Article.swift in Sources */ = {isa = PBXBuildFile; fileRef = FAC2D5211E9FA51F00830305 /* Article.swift */; };
		FAC2D5241E9FE01400830305 /* WebviewViewController.swift in Sources */ = {isa = PBXBuildFile; fileRef = FAC2D5231E9FE01400830305 /* WebviewViewController.swift */; };
/* End PBXBuildFile section */

/* Begin PBXFileReference section */
		FAC2D50A1E9F8D7A00830305 /* newsapi.app */ = {isa = PBXFileReference; explicitFileType = wrapper.application; includeInIndex = 0; path = newsapi.app; sourceTree = BUILT_PRODUCTS_DIR; };
		FAC2D50D1E9F8D7A00830305 /* AppDelegate.swift */ = {isa = PBXFileReference; lastKnownFileType = sourcecode.swift; path = AppDelegate.swift; sourceTree = "<group>"; };
		FAC2D50F1E9F8D7A00830305 /* ViewController.swift */ = {isa = PBXFileReference; lastKnownFileType = sourcecode.swift; path = ViewController.swift; sourceTree = "<group>"; };
		FAC2D5121E9F8D7A00830305 /* Base */ = {isa = PBXFileReference; lastKnownFileType = file.storyboard; name = Base; path = Base.lproj/Main.storyboard; sourceTree = "<group>"; };
		FAC2D5141E9F8D7A00830305 /* Assets.xcassets */ = {isa = PBXFileReference; lastKnownFileType = folder.assetcatalog; path = Assets.xcassets; sourceTree = "<group>"; };
		FAC2D5171E9F8D7A00830305 /* Base */ = {isa = PBXFileReference; lastKnownFileType = file.storyboard; name = Base; path = Base.lproj/LaunchScreen.storyboard; sourceTree = "<group>"; };
		FAC2D5191E9F8D7A00830305 /* Info.plist */ = {isa = PBXFileReference; lastKnownFileType = text.plist.xml; path = Info.plist; sourceTree = "<group>"; };
		FAC2D51F1E9F99B700830305 /* ArticleCell.swift */ = {isa = PBXFileReference; fileEncoding = 4; lastKnownFileType = sourcecode.swift; path = ArticleCell.swift; sourceTree = "<group>"; };
		FAC2D5211E9FA51F00830305 /* Article.swift */ = {isa = PBXFileReference; fileEncoding = 4; lastKnownFileType = sourcecode.swift; path = Article.swift; sourceTree = "<group>"; };
		FAC2D5231E9FE01400830305 /* WebviewViewController.swift */ = {isa = PBXFileReference; fileEncoding = 4; lastKnownFileType = sourcecode.swift; path = WebviewViewController.swift; sourceTree = "<group>"; };
/* End PBXFileReference section */

/* Begin PBXFrameworksBuildPhase section */
		FAC2D5071E9F8D7A00830305 /* Frameworks */ = {
			isa = PBXFrameworksBuildPhase;
			buildActionMask = 2147483647;
			files = (
			);
			runOnlyForDeploymentPostprocessing = 0;
		};
/* End PBXFrameworksBuildPhase section */

/* Begin PBXGroup section */
		FAC2D5011E9F8D7A00830305 = {
			isa = PBXGroup;
			children = (
				FAC2D50C1E9F8D7A00830305 /* newsapi */,
				FAC2D50B1E9F8D7A00830305 /* Products */,
			);
			sourceTree = "<group>";
		};
		FAC2D50B1E9F8D7A00830305 /* Products */ = {
			isa = PBXGroup;
			children = (
				FAC2D50A1E9F8D7A00830305 /* newsapi.app */,
			);
			name = Products;
			sourceTree = "<group>";
		};
		FAC2D50C1E9F8D7A00830305 /* newsapi */ = {
			isa = PBXGroup;
			children = (
				FAC2D50D1E9F8D7A00830305 /* AppDelegate.swift */,
				FAC2D50F1E9F8D7A00830305 /* ViewController.swift */,
				FAC2D5111E9F8D7A00830305 /* Main.storyboard */,
				FAC2D5141E9F8D7A00830305 /* Assets.xcassets */,
				FAC2D5161E9F8D7A00830305 /* LaunchScreen.storyboard */,
				FAC2D5191E9F8D7A00830305 /* Info.plist */,
				FAC2D51F1E9F99B700830305 /* ArticleCell.swift */,
				FAC2D5211E9FA51F00830305 /* Article.swift */,
				FAC2D5231E9FE01400830305 /* WebviewViewController.swift */,
			);
			path = newsapi;
			sourceTree = "<group>";
		};
/* End PBXGroup section */

/* Begin PBXNativeTarget section */
		FAC2D5091E9F8D7A00830305 /* newsapi */ = {
			isa = PBXNativeTarget;
			buildConfigurationList = FAC2D51C1E9F8D7A00830305 /* Build configuration list for PBXNativeTarget "newsapi" */;
			buildPhases = (
				FAC2D5061E9F8D7A00830305 /* Sources */,
				FAC2D5071E9F8D7A00830305 /* Frameworks */,
				FAC2D5081E9F8D7A00830305 /* Resources */,
			);
			buildRules = (
			);
			dependencies = (
			);
			name = newsapi;
			productName = newsapi;
			productReference = FAC2D50A1E9F8D7A00830305 /* newsapi.app */;
			productType = "com.apple.product-type.application";
		};
/* End PBXNativeTarget section */

/* Begin PBXProject section */
		FAC2D5021E9F8D7A00830305 /* Project object */ = {
			isa = PBXProject;
			attributes = {
				LastSwiftUpdateCheck = 0820;
				LastUpgradeCheck = 0820;
				ORGANIZATIONNAME = "Alex&V";
				TargetAttributes = {
					FAC2D5091E9F8D7A00830305 = {
						CreatedOnToolsVersion = 8.2.1;
						DevelopmentTeam = 65GTH9DV4W;
						ProvisioningStyle = Automatic;
					};
				};
			};
			buildConfigurationList = FAC2D5051E9F8D7A00830305 /* Build configuration list for PBXProject "newsapi" */;
			compatibilityVersion = "Xcode 3.2";
			developmentRegion = English;
			hasScannedForEncodings = 0;
			knownRegions = (
				en,
				Base,
			);
			mainGroup = FAC2D5011E9F8D7A00830305;
			productRefGroup = FAC2D50B1E9F8D7A00830305 /* Products */;
			projectDirPath = "";
			projectRoot = "";
			targets = (
				FAC2D5091E9F8D7A00830305 /* newsapi */,
			);
		};
/* End PBXProject section */

/* Begin PBXResourcesBuildPhase section */
		FAC2D5081E9F8D7A00830305 /* Resources */ = {
			isa = PBXResourcesBuildPhase;
			buildActionMask = 2147483647;
			files = (
				FAC2D5181E9F8D7A00830305 /* LaunchScreen.storyboard in Resources */,
				FAC2D5151E9F8D7A00830305 /* Assets.xcassets in Resources */,
				FAC2D5131E9F8D7A00830305 /* Main.storyboard in Resources */,
			);
			runOnlyForDeploymentPostprocessing = 0;
		};
/* End PBXResourcesBuildPhase section */

/* Begin PBXSourcesBuildPhase section */
		FAC2D5061E9F8D7A00830305 /* Sources */ = {
			isa = PBXSourcesBuildPhase;
			buildActionMask = 2147483647;
			files = (
				FAC2D5221E9FA51F00830305 /* Article.swift in Sources */,
				FAC2D5241E9FE01400830305 /* WebviewViewController.swift in Sources */,
				FAC2D5101E9F8D7A00830305 /* ViewController.swift in Sources */,
				FAC2D50E1E9F8D7A00830305 /* AppDelegate.swift in Sources */,
				FAC2D5201E9F99B700830305 /* ArticleCell.swift in Sources */,
			);
			runOnlyForDeploymentPostprocessing = 0;
		};
/* End PBXSourcesBuildPhase section */

/* Begin PBXVariantGroup section */
		FAC2D5111E9F8D7A00830305 /* Main.storyboard */ = {
			isa = PBXVariantGroup;
			children = (
				FAC2D5121E9F8D7A00830305 /* Base */,
			);
			name = Main.storyboard;
			sourceTree = "<group>";
		};
		FAC2D5161E9F8D7A00830305 /* LaunchScreen.storyboard */ = {
			isa = PBXVariantGroup;
			children = (
				FAC2D5171E9F8D7A00830305 /* Base */,
			);
			name = LaunchScreen.storyboard;
			sourceTree = "<group>";
		};
/* End PBXVariantGroup section */

/* Begin XCBuildConfiguration section */
		FAC2D51A1E9F8D7A00830305 /* Debug */ = {
			isa = XCBuildConfiguration;
			buildSettings = {
				ALWAYS_SEARCH_USER_PATHS = NO;
				CLANG_ANALYZER_NONNULL = YES;
				CLANG_CXX_LANGUAGE_STANDARD = "gnu++0x";
				CLANG_CXX_LIBRARY = "libc++";
				CLANG_ENABLE_MODULES = YES;
				CLANG_ENABLE_OBJC_ARC = YES;
				CLANG_WARN_BOOL_CONVERSION = YES;
				CLANG_WARN_CONSTANT_CONVERSION = YES;
				CLANG_WARN_DIRECT_OBJC_ISA_USAGE = YES_ERROR;
				CLANG_WARN_DOCUMENTATION_COMMENTS = YES;
				CLANG_WARN_EMPTY_BODY = YES;
				CLANG_WARN_ENUM_CONVERSION = YES;
				CLANG_WARN_INFINITE_RECURSION = YES;
				CLANG_WARN_INT_CONVERSION = YES;
				CLANG_WARN_OBJC_ROOT_CLASS = YES_ERROR;
				CLANG_WARN_SUSPICIOUS_MOVE = YES;
				CLANG_WARN_UNREACHABLE_CODE = YES;
				CLANG_WARN__DUPLICATE_METHOD_MATCH = YES;
				"CODE_SIGN_IDENTITY[sdk=iphoneos*]" = "iPhone Developer";
				COPY_PHASE_STRIP = NO;
				DEBUG_INFORMATION_FORMAT = dwarf;
				ENABLE_STRICT_OBJC_MSGSEND = YES;
				ENABLE_TESTABILITY = YES;
				GCC_C_LANGUAGE_STANDARD = gnu99;
				GCC_DYNAMIC_NO_PIC = NO;
				GCC_NO_COMMON_BLOCKS = YES;
				GCC_OPTIMIZATION_LEVEL = 0;
				GCC_PREPROCESSOR_DEFINITIONS = (
					"DEBUG=1",
					"$(inherited)",
				);
				GCC_WARN_64_TO_32_BIT_CONVERSION = YES;
				GCC_WARN_ABOUT_RETURN_TYPE = YES_ERROR;
				GCC_WARN_UNDECLARED_SELECTOR = YES;
				GCC_WARN_UNINITIALIZED_AUTOS = YES_AGGRESSIVE;
				GCC_WARN_UNUSED_FUNCTION = YES;
				GCC_WARN_UNUSED_VARIABLE = YES;
				IPHONEOS_DEPLOYMENT_TARGET = 10.2;
				MTL_ENABLE_DEBUG_INFO = YES;
				ONLY_ACTIVE_ARCH = YES;
				SDKROOT = iphoneos;
				SWIFT_ACTIVE_COMPILATION_CONDITIONS = DEBUG;
				SWIFT_OPTIMIZATION_LEVEL = "-Onone";
				TARGETED_DEVICE_FAMILY = "1,2";
			};
			name = Debug;
		};
		FAC2D51B1E9F8D7A00830305 /* Release */ = {
			isa = XCBuildConfiguration;
			buildSettings = {
				ALWAYS_SEARCH_USER_PATHS = NO;
				CLANG_ANALYZER_NONNULL = YES;
				CLANG_CXX_LANGUAGE_STANDARD = "gnu++0x";
				CLANG_CXX_LIBRARY = "libc++";
				CLANG_ENABLE_MODULES = YES;
				CLANG_ENABLE_OBJC_ARC = YES;
				CLANG_WARN_BOOL_CONVERSION = YES;
				CLANG_WARN_CONSTANT_CONVERSION = YES;
				CLANG_WARN_DIRECT_OBJC_ISA_USAGE = YES_ERROR;
				CLANG_WARN_DOCUMENTATION_COMMENTS = YES;
				CLANG_WARN_EMPTY_BODY = YES;
				CLANG_WARN_ENUM_CONVERSION = YES;
				CLANG_WARN_INFINITE_RECURSION = YES;
				CLANG_WARN_INT_CONVERSION = YES;
				CLANG_WARN_OBJC_ROOT_CLASS = YES_ERROR;
				CLANG_WARN_SUSPICIOUS_MOVE = YES;
				CLANG_WARN_UNREACHABLE_CODE = YES;
				CLANG_WARN__DUPLICATE_METHOD_MATCH = YES;
				"CODE_SIGN_IDENTITY[sdk=iphoneos*]" = "iPhone Developer";
				COPY_PHASE_STRIP = NO;
				DEBUG_INFORMATION_FORMAT = "dwarf-with-dsym";
				ENABLE_NS_ASSERTIONS = NO;
				ENABLE_STRICT_OBJC_MSGSEND = YES;
				GCC_C_LANGUAGE_STANDARD = gnu99;
				GCC_NO_COMMON_BLOCKS = YES;
				GCC_WARN_64_TO_32_BIT_CONVERSION = YES;
				GCC_WARN_ABOUT_RETURN_TYPE = YES_ERROR;
				GCC_WARN_UNDECLARED_SELECTOR = YES;
				GCC_WARN_UNINITIALIZED_AUTOS = YES_AGGRESSIVE;
				GCC_WARN_UNUSED_FUNCTION = YES;
				GCC_WARN_UNUSED_VARIABLE = YES;
				IPHONEOS_DEPLOYMENT_TARGET = 10.2;
				MTL_ENABLE_DEBUG_INFO = NO;
				SDKROOT = iphoneos;
				SWIFT_OPTIMIZATION_LEVEL = "-Owholemodule";
				TARGETED_DEVICE_FAMILY = "1,2";
				VALIDATE_PRODUCT = YES;
			};
			name = Release;
		};
		FAC2D51D1E9F8D7A00830305 /* Debug */ = {
			isa = XCBuildConfiguration;
			buildSettings = {
				ASSETCATALOG_COMPILER_APPICON_NAME = AppIcon;
				DEVELOPMENT_TEAM = 65GTH9DV4W;
				INFOPLIST_FILE = newsapi/Info.plist;
				LD_RUNPATH_SEARCH_PATHS = "$(inherited) @executable_path/Frameworks";
				PRODUCT_BUNDLE_IDENTIFIER = AlexV.newsapi;
				PRODUCT_NAME = "$(TARGET_NAME)";
				SWIFT_VERSION = 3.0;
			};
			name = Debug;
		};
		FAC2D51E1E9F8D7A00830305 /* Release */ = {
			isa = XCBuildConfiguration;
			buildSettings = {
				ASSETCATALOG_COMPILER_APPICON_NAME = AppIcon;
				DEVELOPMENT_TEAM = 65GTH9DV4W;
				INFOPLIST_FILE = newsapi/Info.plist;
				LD_RUNPATH_SEARCH_PATHS = "$(inherited) @executable_path/Frameworks";
				PRODUCT_BUNDLE_IDENTIFIER = AlexV.newsapi;
				PRODUCT_NAME = "$(TARGET_NAME)";
				SWIFT_VERSION = 3.0;
			};
			name = Release;
		};
/* End XCBuildConfiguration section */

/* Begin XCConfigurationList section */
		FAC2D5051E9F8D7A00830305 /* Build configuration list for PBXProject "newsapi" */ = {
			isa = XCConfigurationList;
			buildConfigurations = (
				FAC2D51A1E9F8D7A00830305 /* Debug */,
				FAC2D51B1E9F8D7A00830305 /* Release */,
			);
			defaultConfigurationIsVisible = 0;
			defaultConfigurationName = Release;
		};
		FAC2D51C1E9F8D7A00830305 /* Build configuration list for PBXNativeTarget "newsapi" */ = {
			isa = XCConfigurationList;
			buildConfigurations = (
				FAC2D51D1E9F8D7A00830305 /* Debug */,
				FAC2D51E1E9F8D7A00830305 /* Release */,
			);
			defaultConfigurationIsVisible = 0;
			defaultConfigurationName = Release;
		};
/* End XCConfigurationList section */
	};
	rootObject = FAC2D5021E9F8D7A00830305 /* Project object */;
}
